{
    "_meta": {
        "hash": {
            "sha256": "01356c36a7196232b85e4c4dd9b76ad2972c3f87fb306ceed93f6e9819cbfc84"
        },
        "pipfile-spec": 6,
        "requires": {
            "python_version": "3.8"
        },
        "sources": [
            {
                "name": "pypi",
                "url": "https://pypi.org/simple",
                "verify_ssl": true
            }
        ]
    },
    "default": {
        "pathtools": {
            "hashes": [
                "sha256:7c35c5421a39bb82e58018febd90e3b6e5db34c5443aaaf742b3f33d4655f1c0"
            ],
            "version": "==0.1.2"
        },
        "watchdog": {
            "hashes": [
                "sha256:e38bffc89b15bafe2a131f0e1c74924cf07dcec020c2e0a26cccd208831fcd43"
            ],
            "version": "==0.10.4"
        },
        "when-changed": {
            "hashes": [
                "sha256:1f0b90c5f725223aab77290b4ce5cd79672702a1f3fbe620bdef440c106418e2"
            ],
            "index": "pypi",
            "version": "==0.3.0"
        }
    },
    "develop": {}
}
